{
  "name": "oop-tests",
  "version": "1.0.0",
  "lockfileVersion": 3,
  "requires": true,
  "packages": {
    "": {
      "name": "oop-tests",
      "version": "1.0.0",
      "license": "ISC",
      "dependencies": {
        "npm-module-for-oop": "file:scripts/npm-module-for-oop"
      }
    },
    "node_modules/npm-module-for-oop": {
      "resolved": "scripts/npm-module-for-oop",
      "link": true
    },
    "scripts/npm-module-for-oop": {
      "version": "1.0.0",
      "license": "ISC"
    }
  }
}
